
Microsoft Visual Studio Solution File, Format Version 12.00
# Visual Studio Version 16
 VisualStudioVersion = 16.0.36602.28
MinimumVisualStudioVersion = 10.0.40219.1
Project("{FAE04EC0-301F-11D3-BF4B-00C04F79EFBC}") = "ContractManagementAddon", "ContractManagementAddon\ContractManagementAddon.csproj", "{29B81D8D-6646-4EE7-9757-5135351EFA76}"
EndProject
Project("{FAE04EC0-301F-11D3-BF4B-00C04F79EFBC}") = "ContractManagement.Core", "ContractManagement.Core\ContractManagement.Core.csproj", "{6C3A2CB6-9A27-4F5D-9D33-8A0F4D7749C4}"
EndProject
Project("{FAE04EC0-301F-11D3-BF4B-00C04F79EFBC}") = "ContractManagement.Infrastructure", "ContractManagement.Infrastructure\ContractManagement.Infrastructure.csproj", "{8B3B8E0F-7C2B-4D3F-B5E9-3A6B9A6E6C11}"
EndProject
Global
	GlobalSection(SolutionConfigurationPlatforms) = preSolution
		Debug|AnyCPU = Debug|AnyCPU
		Release|AnyCPU = Release|AnyCPU
	EndGlobalSection
	GlobalSection(ProjectConfigurationPlatforms) = postSolution
		{29B81D8D-6646-4EE7-9757-5135351EFA76}.Debug|AnyCPU.ActiveCfg = Debug|AnyCPU
		{29B81D8D-6646-4EE7-9757-5135351EFA76}.Debug|AnyCPU.Build.0 = Debug|AnyCPU
		{29B81D8D-6646-4EE7-9757-5135351EFA76}.Release|AnyCPU.ActiveCfg = Release|AnyCPU
		{29B81D8D-6646-4EE7-9757-5135351EFA76}.Release|AnyCPU.Build.0 = Release|AnyCPU
		{6C3A2CB6-9A27-4F5D-9D33-8A0F4D7749C4}.Debug|AnyCPU.ActiveCfg = Debug|AnyCPU
		{6C3A2CB6-9A27-4F5D-9D33-8A0F4D7749C4}.Debug|AnyCPU.Build.0 = Debug|AnyCPU
		{6C3A2CB6-9A27-4F5D-9D33-8A0F4D7749C4}.Release|AnyCPU.ActiveCfg = Release|AnyCPU
		{6C3A2CB6-9A27-4F5D-9D33-8A0F4D7749C4}.Release|AnyCPU.Build.0 = Release|AnyCPU
		{8B3B8E0F-7C2B-4D3F-B5E9-3A6B9A6E6C11}.Debug|AnyCPU.ActiveCfg = Debug|AnyCPU
		{8B3B8E0F-7C2B-4D3F-B5E9-3A6B9A6E6C11}.Debug|AnyCPU.Build.0 = Debug|AnyCPU
		{8B3B8E0F-7C2B-4D3F-B5E9-3A6B9A6E6C11}.Release|AnyCPU.ActiveCfg = Release|AnyCPU
		{8B3B8E0F-7C2B-4D3F-B5E9-3A6B9A6E6C11}.Release|AnyCPU.Build.0 = Release|AnyCPU
	EndGlobalSection
	GlobalSection(SolutionProperties) = preSolution
		HideSolutionNode = FALSE
	EndGlobalSection
	GlobalSection(ExtensibilityGlobals) = postSolution
		SolutionGuid = {3DB0CC48-CE54-47AA-8A68-C769634E06F6}
	EndGlobalSection
	GlobalSection(StartupItems) = postSolution
		{29B81D8D-6646-4EE7-9757-5135351EFA76} = {29B81D8D-6646-4EE7-9757-5135351EFA76}
	EndGlobalSection
EndGlobal
